
Microsoft Visual Studio Solution File, Format Version 12.00
Project("{2150E333-8FDC-42A3-9474-1A3956D46DE8}") = "Services", "Services", "{5490497D-E452-4C63-B08B-F0C2E0A8A440}"
EndProject
Project("{2150E333-8FDC-42A3-9474-1A3956D46DE8}") = "Tools", "Tools", "{747884DE-BECC-4336-9371-0C1B9626CBED}"
EndProject
Project("{FAE04EC0-301F-11D3-BF4B-00C04F79EFBC}") = "FakeData", "Tools\FakeData\FakeData.csproj", "{4B2AF6C5-0254-4085-8AB9-9FC08BEDAB29}"
EndProject
Project("{2150E333-8FDC-42A3-9474-1A3956D46DE8}") = "Identity", "Identity", "{9E6B7699-5FBF-4735-BAF0-534FC87E9F3B}"
EndProject
Project("{FAE04EC0-301F-11D3-BF4B-00C04F79EFBC}") = "IdentityServer", "Services\Identity\IdentityServer\IdentityServer.csproj", "{F8DE3B9A-4735-42E3-A693-C1533321854D}"
EndProject
Project("{2150E333-8FDC-42A3-9474-1A3956D46DE8}") = "ITF", "ITF", "{D75EC5A1-3C04-4006-B5F6-649101789924}"
EndProject
Project("{FAE04EC0-301F-11D3-BF4B-00C04F79EFBC}") = "ITF.Api", "Services\ITF\ITF.Api\ITF.Api.csproj", "{805B4C19-DEAE-4BCA-99DB-8DC86431BAF2}"
EndProject
Project("{FAE04EC0-301F-11D3-BF4B-00C04F79EFBC}") = "ITF.Application", "Services\ITF\ITF.Application\ITF.Application.csproj", "{9E462D19-7E6D-4D62-84D5-11C1557D0561}"
EndProject
Project("{FAE04EC0-301F-11D3-BF4B-00C04F79EFBC}") = "ITF.Domain", "Services\ITF\ITF.Domain\ITF.Domain.csproj", "{2CAF1404-57E7-41CA-ADA7-0602176ABC67}"
EndProject
Project("{FAE04EC0-301F-11D3-BF4B-00C04F79EFBC}") = "ITF.Infrastructure", "Services\ITF\ITF.Infrastructure\ITF.Infrastructure.csproj", "{1E07B6F5-E0A0-437B-9C1A-4D8D35A51750}"
EndProject
Project("{2150E333-8FDC-42A3-9474-1A3956D46DE8}") = "Chat", "Chat", "{8FB6C7C3-7CF0-4F5C-ABA7-9C103E90CC06}"
EndProject
Project("{FAE04EC0-301F-11D3-BF4B-00C04F79EFBC}") = "Chat.Hub", "Services\Chat\Chat.Hub\Chat.Hub.csproj", "{03C76A95-7832-4B05-BE17-7574C1FFDCA6}"
EndProject
Project("{FAE04EC0-301F-11D3-BF4B-00C04F79EFBC}") = "Chat.Domain", "Services\Chat\Chat.Domain\Chat.Domain.csproj", "{FED4248D-63BF-44F5-ACF3-E019FBC34104}"
EndProject
Project("{FAE04EC0-301F-11D3-BF4B-00C04F79EFBC}") = "Chat.Infrastructure", "Services\Chat\Chat.Infrastructure\Chat.Infrastructure.csproj", "{F7DBE744-7502-407F-A369-A8F6376F23CB}"
EndProject
Project("{FAE04EC0-301F-11D3-BF4B-00C04F79EFBC}") = "Chat.Application", "Services\Chat\Chat.Application\Chat.Application.csproj", "{5A014FEF-0AF0-409F-AC50-CDF4F8404E68}"
EndProject
Global
	GlobalSection(SolutionConfigurationPlatforms) = preSolution
		Debug|Any CPU = Debug|Any CPU
		Release|Any CPU = Release|Any CPU
	EndGlobalSection
	GlobalSection(NestedProjects) = preSolution
		{4B2AF6C5-0254-4085-8AB9-9FC08BEDAB29} = {747884DE-BECC-4336-9371-0C1B9626CBED}
		{9E6B7699-5FBF-4735-BAF0-534FC87E9F3B} = {5490497D-E452-4C63-B08B-F0C2E0A8A440}
		{F8DE3B9A-4735-42E3-A693-C1533321854D} = {9E6B7699-5FBF-4735-BAF0-534FC87E9F3B}
		{D75EC5A1-3C04-4006-B5F6-649101789924} = {5490497D-E452-4C63-B08B-F0C2E0A8A440}
		{805B4C19-DEAE-4BCA-99DB-8DC86431BAF2} = {D75EC5A1-3C04-4006-B5F6-649101789924}
		{9E462D19-7E6D-4D62-84D5-11C1557D0561} = {D75EC5A1-3C04-4006-B5F6-649101789924}
		{2CAF1404-57E7-41CA-ADA7-0602176ABC67} = {D75EC5A1-3C04-4006-B5F6-649101789924}
		{1E07B6F5-E0A0-437B-9C1A-4D8D35A51750} = {D75EC5A1-3C04-4006-B5F6-649101789924}
		{8FB6C7C3-7CF0-4F5C-ABA7-9C103E90CC06} = {5490497D-E452-4C63-B08B-F0C2E0A8A440}
		{03C76A95-7832-4B05-BE17-7574C1FFDCA6} = {8FB6C7C3-7CF0-4F5C-ABA7-9C103E90CC06}
		{FED4248D-63BF-44F5-ACF3-E019FBC34104} = {8FB6C7C3-7CF0-4F5C-ABA7-9C103E90CC06}
		{F7DBE744-7502-407F-A369-A8F6376F23CB} = {8FB6C7C3-7CF0-4F5C-ABA7-9C103E90CC06}
		{5A014FEF-0AF0-409F-AC50-CDF4F8404E68} = {8FB6C7C3-7CF0-4F5C-ABA7-9C103E90CC06}
	EndGlobalSection
	GlobalSection(ProjectConfigurationPlatforms) = postSolution
		{4B2AF6C5-0254-4085-8AB9-9FC08BEDAB29}.Debug|Any CPU.ActiveCfg = Debug|Any CPU
		{4B2AF6C5-0254-4085-8AB9-9FC08BEDAB29}.Debug|Any CPU.Build.0 = Debug|Any CPU
		{4B2AF6C5-0254-4085-8AB9-9FC08BEDAB29}.Release|Any CPU.ActiveCfg = Release|Any CPU
		{4B2AF6C5-0254-4085-8AB9-9FC08BEDAB29}.Release|Any CPU.Build.0 = Release|Any CPU
		{F8DE3B9A-4735-42E3-A693-C1533321854D}.Debug|Any CPU.ActiveCfg = Debug|Any CPU
		{F8DE3B9A-4735-42E3-A693-C1533321854D}.Debug|Any CPU.Build.0 = Debug|Any CPU
		{F8DE3B9A-4735-42E3-A693-C1533321854D}.Release|Any CPU.ActiveCfg = Release|Any CPU
		{F8DE3B9A-4735-42E3-A693-C1533321854D}.Release|Any CPU.Build.0 = Release|Any CPU
		{805B4C19-DEAE-4BCA-99DB-8DC86431BAF2}.Debug|Any CPU.ActiveCfg = Debug|Any CPU
		{805B4C19-DEAE-4BCA-99DB-8DC86431BAF2}.Debug|Any CPU.Build.0 = Debug|Any CPU
		{805B4C19-DEAE-4BCA-99DB-8DC86431BAF2}.Release|Any CPU.ActiveCfg = Release|Any CPU
		{805B4C19-DEAE-4BCA-99DB-8DC86431BAF2}.Release|Any CPU.Build.0 = Release|Any CPU
		{9E462D19-7E6D-4D62-84D5-11C1557D0561}.Debug|Any CPU.ActiveCfg = Debug|Any CPU
		{9E462D19-7E6D-4D62-84D5-11C1557D0561}.Debug|Any CPU.Build.0 = Debug|Any CPU
		{9E462D19-7E6D-4D62-84D5-11C1557D0561}.Release|Any CPU.ActiveCfg = Release|Any CPU
		{9E462D19-7E6D-4D62-84D5-11C1557D0561}.Release|Any CPU.Build.0 = Release|Any CPU
		{2CAF1404-57E7-41CA-ADA7-0602176ABC67}.Debug|Any CPU.ActiveCfg = Debug|Any CPU
		{2CAF1404-57E7-41CA-ADA7-0602176ABC67}.Debug|Any CPU.Build.0 = Debug|Any CPU
		{2CAF1404-57E7-41CA-ADA7-0602176ABC67}.Release|Any CPU.ActiveCfg = Release|Any CPU
		{2CAF1404-57E7-41CA-ADA7-0602176ABC67}.Release|Any CPU.Build.0 = Release|Any CPU
		{1E07B6F5-E0A0-437B-9C1A-4D8D35A51750}.Debug|Any CPU.ActiveCfg = Debug|Any CPU
		{1E07B6F5-E0A0-437B-9C1A-4D8D35A51750}.Debug|Any CPU.Build.0 = Debug|Any CPU
		{1E07B6F5-E0A0-437B-9C1A-4D8D35A51750}.Release|Any CPU.ActiveCfg = Release|Any CPU
		{1E07B6F5-E0A0-437B-9C1A-4D8D35A51750}.Release|Any CPU.Build.0 = Release|Any CPU
		{03C76A95-7832-4B05-BE17-7574C1FFDCA6}.Debug|Any CPU.ActiveCfg = Debug|Any CPU
		{03C76A95-7832-4B05-BE17-7574C1FFDCA6}.Debug|Any CPU.Build.0 = Debug|Any CPU
		{03C76A95-7832-4B05-BE17-7574C1FFDCA6}.Release|Any CPU.ActiveCfg = Release|Any CPU
		{03C76A95-7832-4B05-BE17-7574C1FFDCA6}.Release|Any CPU.Build.0 = Release|Any CPU
		{FED4248D-63BF-44F5-ACF3-E019FBC34104}.Debug|Any CPU.ActiveCfg = Debug|Any CPU
		{FED4248D-63BF-44F5-ACF3-E019FBC34104}.Debug|Any CPU.Build.0 = Debug|Any CPU
		{FED4248D-63BF-44F5-ACF3-E019FBC34104}.Release|Any CPU.ActiveCfg = Release|Any CPU
		{FED4248D-63BF-44F5-ACF3-E019FBC34104}.Release|Any CPU.Build.0 = Release|Any CPU
		{F7DBE744-7502-407F-A369-A8F6376F23CB}.Debug|Any CPU.ActiveCfg = Debug|Any CPU
		{F7DBE744-7502-407F-A369-A8F6376F23CB}.Debug|Any CPU.Build.0 = Debug|Any CPU
		{F7DBE744-7502-407F-A369-A8F6376F23CB}.Release|Any CPU.ActiveCfg = Release|Any CPU
		{F7DBE744-7502-407F-A369-A8F6376F23CB}.Release|Any CPU.Build.0 = Release|Any CPU
		{5A014FEF-0AF0-409F-AC50-CDF4F8404E68}.Debug|Any CPU.ActiveCfg = Debug|Any CPU
		{5A014FEF-0AF0-409F-AC50-CDF4F8404E68}.Debug|Any CPU.Build.0 = Debug|Any CPU
		{5A014FEF-0AF0-409F-AC50-CDF4F8404E68}.Release|Any CPU.ActiveCfg = Release|Any CPU
		{5A014FEF-0AF0-409F-AC50-CDF4F8404E68}.Release|Any CPU.Build.0 = Release|Any CPU
	EndGlobalSection
EndGlobal
