
Microsoft Visual Studio Solution File, Format Version 12.00
Project("{2150E333-8FDC-42A3-9474-1A3956D46DE8}") = "Services", "Services", "{5490497D-E452-4C63-B08B-F0C2E0A8A440}"
EndProject
Project("{2150E333-8FDC-42A3-9474-1A3956D46DE8}") = "Tools", "Tools", "{747884DE-BECC-4336-9371-0C1B9626CBED}"
EndProject
Project("{FAE04EC0-301F-11D3-BF4B-00C04F79EFBC}") = "FakeData", "Tools\FakeData\FakeData.csproj", "{4B2AF6C5-0254-4085-8AB9-9FC08BEDAB29}"
EndProject
Global
	GlobalSection(SolutionConfigurationPlatforms) = preSolution
		Debug|Any CPU = Debug|Any CPU
		Release|Any CPU = Release|Any CPU
	EndGlobalSection
	GlobalSection(NestedProjects) = preSolution
		{4B2AF6C5-0254-4085-8AB9-9FC08BEDAB29} = {747884DE-BECC-4336-9371-0C1B9626CBED}
	EndGlobalSection
	GlobalSection(ProjectConfigurationPlatforms) = postSolution
		{4B2AF6C5-0254-4085-8AB9-9FC08BEDAB29}.Debug|Any CPU.ActiveCfg = Debug|Any CPU
		{4B2AF6C5-0254-4085-8AB9-9FC08BEDAB29}.Debug|Any CPU.Build.0 = Debug|Any CPU
		{4B2AF6C5-0254-4085-8AB9-9FC08BEDAB29}.Release|Any CPU.ActiveCfg = Release|Any CPU
		{4B2AF6C5-0254-4085-8AB9-9FC08BEDAB29}.Release|Any CPU.Build.0 = Release|Any CPU
	EndGlobalSection
EndGlobal
